// !$*UTF8*$!
{
	archiveVersion = 1;
	classes = {
	};
	objectVersion = 46;
	objects = {

/* Begin PBXBuildFile section */
		ABADAAB51F1CCFBA008889E0 /* AppDelegate.swift in Sources */ = {isa = PBXBuildFile; fileRef = ABADAAB41F1CCFBA008889E0 /* AppDelegate.swift */; };
		ABADAAB71F1CCFBA008889E0 /* ViewController.swift in Sources */ = {isa = PBXBuildFile; fileRef = ABADAAB61F1CCFBA008889E0 /* ViewController.swift */; };
		ABADAABA1F1CCFBA008889E0 /* Main.storyboard in Resources */ = {isa = PBXBuildFile; fileRef = ABADAAB81F1CCFBA008889E0 /* Main.storyboard */; };
		ABADAABC1F1CCFBA008889E0 /* Assets.xcassets in Resources */ = {isa = PBXBuildFile; fileRef = ABADAABB1F1CCFBA008889E0 /* Assets.xcassets */; };
		ABADAABF1F1CCFBA008889E0 /* LaunchScreen.storyboard in Resources */ = {isa = PBXBuildFile; fileRef = ABADAABD1F1CCFBA008889E0 /* LaunchScreen.storyboard */; };
/* End PBXBuildFile section */

/* Begin PBXFileReference section */
		ABADAAB11F1CCFBA008889E0 /* ImageMaskTest.app */ = {isa = PBXFileReference; explicitFileType = wrapper.application; includeInIndex = 0; path = ImageMaskTest.app; sourceTree = BUILT_PRODUCTS_DIR; };
		ABADAAB41F1CCFBA008889E0 /* AppDelegate.swift */ = {isa = PBXFileReference; lastKnownFileType = sourcecode.swift; path = AppDelegate.swift; sourceTree = "<group>"; };
		ABADAAB61F1CCFBA008889E0 /* ViewController.swift */ = {isa = PBXFileReference; lastKnownFileType = sourcecode.swift; path = ViewController.swift; sourceTree = "<group>"; };
		ABADAAB91F1CCFBA008889E0 /* Base */ = {isa = PBXFileReference; lastKnownFileType = file.storyboard; name = Base; path = Base.lproj/Main.storyboard; sourceTree = "<group>"; };
		ABADAABB1F1CCFBA008889E0 /* Assets.xcassets */ = {isa = PBXFileReference; lastKnownFileType = folder.assetcatalog; path = Assets.xcassets; sourceTree = "<group>"; };
		ABADAABE1F1CCFBA008889E0 /* Base */ = {isa = PBXFileReference; lastKnownFileType = file.storyboard; name = Base; path = Base.lproj/LaunchScreen.storyboard; sourceTree = "<group>"; };
		ABADAAC01F1CCFBA008889E0 /* Info.plist */ = {isa = PBXFileReference; lastKnownFileType = text.plist.xml; path = Info.plist; sourceTree = "<group>"; };
/* End PBXFileReference section */

/* Begin PBXFrameworksBuildPhase section */
		ABADAAAE1F1CCFBA008889E0 /* Frameworks */ = {
			isa = PBXFrameworksBuildPhase;
			buildActionMask = 2147483647;
			files = (
			);
			runOnlyForDeploymentPostprocessing = 0;
		};
/* End PBXFrameworksBuildPhase section */

/* Begin PBXGroup section */
		ABADAAA81F1CCFBA008889E0 = {
			isa = PBXGroup;
			children = (
				ABADAAB31F1CCFBA008889E0 /* ImageMaskTest */,
				ABADAAB21F1CCFBA008889E0 /* Products */,
			);
			sourceTree = "<group>";
		};
		ABADAAB21F1CCFBA008889E0 /* Products */ = {
			isa = PBXGroup;
			children = (
				ABADAAB11F1CCFBA008889E0 /* ImageMaskTest.app */,
			);
			name = Products;
			sourceTree = "<group>";
		};
		ABADAAB31F1CCFBA008889E0 /* ImageMaskTest */ = {
			isa = PBXGroup;
			children = (
				ABADAAB41F1CCFBA008889E0 /* AppDelegate.swift */,
				ABADAAB61F1CCFBA008889E0 /* ViewController.swift */,
				ABADAAB81F1CCFBA008889E0 /* Main.storyboard */,
				ABADAABB1F1CCFBA008889E0 /* Assets.xcassets */,
				ABADAABD1F1CCFBA008889E0 /* LaunchScreen.storyboard */,
				ABADAAC01F1CCFBA008889E0 /* Info.plist */,
			);
			path = ImageMaskTest;
			sourceTree = "<group>";
		};
/* End PBXGroup section */

/* Begin PBXNativeTarget section */
		ABADAAB01F1CCFBA008889E0 /* ImageMaskTest */ = {
			isa = PBXNativeTarget;
			buildConfigurationList = ABADAAC31F1CCFBA008889E0 /* Build configuration list for PBXNativeTarget "ImageMaskTest" */;
			buildPhases = (
				ABADAAAD1F1CCFBA008889E0 /* Sources */,
				ABADAAAE1F1CCFBA008889E0 /* Frameworks */,
				ABADAAAF1F1CCFBA008889E0 /* Resources */,
			);
			buildRules = (
			);
			dependencies = (
			);
			name = ImageMaskTest;
			productName = ImageMaskTest;
			productReference = ABADAAB11F1CCFBA008889E0 /* ImageMaskTest.app */;
			productType = "com.apple.product-type.application";
		};
/* End PBXNativeTarget section */

/* Begin PBXProject section */
		ABADAAA91F1CCFBA008889E0 /* Project object */ = {
			isa = PBXProject;
			attributes = {
				LastSwiftUpdateCheck = 0830;
				LastUpgradeCheck = 0830;
				ORGANIZATIONNAME = "Adam Woods";
				TargetAttributes = {
					ABADAAB01F1CCFBA008889E0 = {
						CreatedOnToolsVersion = 8.3.3;
						DevelopmentTeam = 6NWW7NFTEX;
						ProvisioningStyle = Automatic;
					};
				};
			};
			buildConfigurationList = ABADAAAC1F1CCFBA008889E0 /* Build configuration list for PBXProject "ImageMaskTest" */;
			compatibilityVersion = "Xcode 3.2";
			developmentRegion = English;
			hasScannedForEncodings = 0;
			knownRegions = (
				en,
				Base,
			);
			mainGroup = ABADAAA81F1CCFBA008889E0;
			productRefGroup = ABADAAB21F1CCFBA008889E0 /* Products */;
			projectDirPath = "";
			projectRoot = "";
			targets = (
				ABADAAB01F1CCFBA008889E0 /* ImageMaskTest */,
			);
		};
/* End PBXProject section */

/* Begin PBXResourcesBuildPhase section */
		ABADAAAF1F1CCFBA008889E0 /* Resources */ = {
			isa = PBXResourcesBuildPhase;
			buildActionMask = 2147483647;
			files = (
				ABADAABF1F1CCFBA008889E0 /* LaunchScreen.storyboard in Resources */,
				ABADAABC1F1CCFBA008889E0 /* Assets.xcassets in Resources */,
				ABADAABA1F1CCFBA008889E0 /* Main.storyboard in Resources */,
			);
			runOnlyForDeploymentPostprocessing = 0;
		};
/* End PBXResourcesBuildPhase section */

/* Begin PBXSourcesBuildPhase section */
		ABADAAAD1F1CCFBA008889E0 /* Sources */ = {
			isa = PBXSourcesBuildPhase;
			buildActionMask = 2147483647;
			files = (
				ABADAAB71F1CCFBA008889E0 /* ViewController.swift in Sources */,
				ABADAAB51F1CCFBA008889E0 /* AppDelegate.swift in Sources */,
			);
			runOnlyForDeploymentPostprocessing = 0;
		};
/* End PBXSourcesBuildPhase section */

/* Begin PBXVariantGroup section */
		ABADAAB81F1CCFBA008889E0 /* Main.storyboard */ = {
			isa = PBXVariantGroup;
			children = (
				ABADAAB91F1CCFBA008889E0 /* Base */,
			);
			name = Main.storyboard;
			sourceTree = "<group>";
		};
		ABADAABD1F1CCFBA008889E0 /* LaunchScreen.storyboard */ = {
			isa = PBXVariantGroup;
			children = (
				ABADAABE1F1CCFBA008889E0 /* Base */,
			);
			name = LaunchScreen.storyboard;
			sourceTree = "<group>";
		};
/* End PBXVariantGroup section */

/* Begin XCBuildConfiguration section */
		ABADAAC11F1CCFBA008889E0 /* Debug */ = {
			isa = XCBuildConfiguration;
			buildSettings = {
				ALWAYS_SEARCH_USER_PATHS = NO;
				CLANG_ANALYZER_NONNULL = YES;
				CLANG_ANALYZER_NUMBER_OBJECT_CONVERSION = YES_AGGRESSIVE;
				CLANG_CXX_LANGUAGE_STANDARD = "gnu++0x";
				CLANG_CXX_LIBRARY = "libc++";
				CLANG_ENABLE_MODULES = YES;
				CLANG_ENABLE_OBJC_ARC = YES;
				CLANG_WARN_BOOL_CONVERSION = YES;
				CLANG_WARN_CONSTANT_CONVERSION = YES;
				CLANG_WARN_DIRECT_OBJC_ISA_USAGE = YES_ERROR;
				CLANG_WARN_DOCUMENTATION_COMMENTS = YES;
				CLANG_WARN_EMPTY_BODY = YES;
				CLANG_WARN_ENUM_CONVERSION = YES;
				CLANG_WARN_INFINITE_RECURSION = YES;
				CLANG_WARN_INT_CONVERSION = YES;
				CLANG_WARN_OBJC_ROOT_CLASS = YES_ERROR;
				CLANG_WARN_SUSPICIOUS_MOVE = YES;
				CLANG_WARN_UNREACHABLE_CODE = YES;
				CLANG_WARN__DUPLICATE_METHOD_MATCH = YES;
				"CODE_SIGN_IDENTITY[sdk=iphoneos*]" = "iPhone Developer";
				COPY_PHASE_STRIP = NO;
				DEBUG_INFORMATION_FORMAT = dwarf;
				ENABLE_STRICT_OBJC_MSGSEND = YES;
				ENABLE_TESTABILITY = YES;
				GCC_C_LANGUAGE_STANDARD = gnu99;
				GCC_DYNAMIC_NO_PIC = NO;
				GCC_NO_COMMON_BLOCKS = YES;
				GCC_OPTIMIZATION_LEVEL = 0;
				GCC_PREPROCESSOR_DEFINITIONS = (
					"DEBUG=1",
					"$(inherited)",
				);
				GCC_WARN_64_TO_32_BIT_CONVERSION = YES;
				GCC_WARN_ABOUT_RETURN_TYPE = YES_ERROR;
				GCC_WARN_UNDECLARED_SELECTOR = YES;
				GCC_WARN_UNINITIALIZED_AUTOS = YES_AGGRESSIVE;
				GCC_WARN_UNUSED_FUNCTION = YES;
				GCC_WARN_UNUSED_VARIABLE = YES;
				IPHONEOS_DEPLOYMENT_TARGET = 10.3;
				MTL_ENABLE_DEBUG_INFO = YES;
				ONLY_ACTIVE_ARCH = YES;
				SDKROOT = iphoneos;
				SWIFT_ACTIVE_COMPILATION_CONDITIONS = DEBUG;
				SWIFT_OPTIMIZATION_LEVEL = "-Onone";
			};
			name = Debug;
		};
		ABADAAC21F1CCFBA008889E0 /* Release */ = {
			isa = XCBuildConfiguration;
			buildSettings = {
				ALWAYS_SEARCH_USER_PATHS = NO;
				CLANG_ANALYZER_NONNULL = YES;
				CLANG_ANALYZER_NUMBER_OBJECT_CONVERSION = YES_AGGRESSIVE;
				CLANG_CXX_LANGUAGE_STANDARD = "gnu++0x";
				CLANG_CXX_LIBRARY = "libc++";
				CLANG_ENABLE_MODULES = YES;
				CLANG_ENABLE_OBJC_ARC = YES;
				CLANG_WARN_BOOL_CONVERSION = YES;
				CLANG_WARN_CONSTANT_CONVERSION = YES;
				CLANG_WARN_DIRECT_OBJC_ISA_USAGE = YES_ERROR;
				CLANG_WARN_DOCUMENTATION_COMMENTS = YES;
				CLANG_WARN_EMPTY_BODY = YES;
				CLANG_WARN_ENUM_CONVERSION = YES;
				CLANG_WARN_INFINITE_RECURSION = YES;
				CLANG_WARN_INT_CONVERSION = YES;
				CLANG_WARN_OBJC_ROOT_CLASS = YES_ERROR;
				CLANG_WARN_SUSPICIOUS_MOVE = YES;
				CLANG_WARN_UNREACHABLE_CODE = YES;
				CLANG_WARN__DUPLICATE_METHOD_MATCH = YES;
				"CODE_SIGN_IDENTITY[sdk=iphoneos*]" = "iPhone Developer";
				COPY_PHASE_STRIP = NO;
				DEBUG_INFORMATION_FORMAT = "dwarf-with-dsym";
				ENABLE_NS_ASSERTIONS = NO;
				ENABLE_STRICT_OBJC_MSGSEND = YES;
				GCC_C_LANGUAGE_STANDARD = gnu99;
				GCC_NO_COMMON_BLOCKS = YES;
				GCC_WARN_64_TO_32_BIT_CONVERSION = YES;
				GCC_WARN_ABOUT_RETURN_TYPE = YES_ERROR;
				GCC_WARN_UNDECLARED_SELECTOR = YES;
				GCC_WARN_UNINITIALIZED_AUTOS = YES_AGGRESSIVE;
				GCC_WARN_UNUSED_FUNCTION = YES;
				GCC_WARN_UNUSED_VARIABLE = YES;
				IPHONEOS_DEPLOYMENT_TARGET = 10.3;
				MTL_ENABLE_DEBUG_INFO = NO;
				SDKROOT = iphoneos;
				SWIFT_OPTIMIZATION_LEVEL = "-Owholemodule";
				VALIDATE_PRODUCT = YES;
			};
			name = Release;
		};
		ABADAAC41F1CCFBA008889E0 /* Debug */ = {
			isa = XCBuildConfiguration;
			buildSettings = {
				ASSETCATALOG_COMPILER_APPICON_NAME = AppIcon;
				DEVELOPMENT_TEAM = 6NWW7NFTEX;
				INFOPLIST_FILE = ImageMaskTest/Info.plist;
				LD_RUNPATH_SEARCH_PATHS = "$(inherited) @executable_path/Frameworks";
				PRODUCT_BUNDLE_IDENTIFIER = Spartans.ImageMaskTest;
				PRODUCT_NAME = "$(TARGET_NAME)";
				SWIFT_VERSION = 3.0;
			};
			name = Debug;
		};
		ABADAAC51F1CCFBA008889E0 /* Release */ = {
			isa = XCBuildConfiguration;
			buildSettings = {
				ASSETCATALOG_COMPILER_APPICON_NAME = AppIcon;
				DEVELOPMENT_TEAM = 6NWW7NFTEX;
				INFOPLIST_FILE = ImageMaskTest/Info.plist;
				LD_RUNPATH_SEARCH_PATHS = "$(inherited) @executable_path/Frameworks";
				PRODUCT_BUNDLE_IDENTIFIER = Spartans.ImageMaskTest;
				PRODUCT_NAME = "$(TARGET_NAME)";
				SWIFT_VERSION = 3.0;
			};
			name = Release;
		};
/* End XCBuildConfiguration section */

/* Begin XCConfigurationList section */
		ABADAAAC1F1CCFBA008889E0 /* Build configuration list for PBXProject "ImageMaskTest" */ = {
			isa = XCConfigurationList;
			buildConfigurations = (
				ABADAAC11F1CCFBA008889E0 /* Debug */,
				ABADAAC21F1CCFBA008889E0 /* Release */,
			);
			defaultConfigurationIsVisible = 0;
			defaultConfigurationName = Release;
		};
		ABADAAC31F1CCFBA008889E0 /* Build configuration list for PBXNativeTarget "ImageMaskTest" */ = {
			isa = XCConfigurationList;
			buildConfigurations = (
				ABADAAC41F1CCFBA008889E0 /* Debug */,
				ABADAAC51F1CCFBA008889E0 /* Release */,
			);
			defaultConfigurationIsVisible = 0;
		};
/* End XCConfigurationList section */
	};
	rootObject = ABADAAA91F1CCFBA008889E0 /* Project object */;
}
