// !$*UTF8*$!
{
	archiveVersion = 1;
	classes = {
	};
	objectVersion = 46;
	objects = {

/* Begin PBXBuildFile section */
		ABF0ED911F067F6500F16709 /* AppDelegate.swift in Sources */ = {isa = PBXBuildFile; fileRef = ABF0ED901F067F6500F16709 /* AppDelegate.swift */; };
		ABF0ED931F067F6500F16709 /* IntroductionViewController.swift in Sources */ = {isa = PBXBuildFile; fileRef = ABF0ED921F067F6500F16709 /* IntroductionViewController.swift */; };
		ABF0ED961F067F6500F16709 /* Main.storyboard in Resources */ = {isa = PBXBuildFile; fileRef = ABF0ED941F067F6500F16709 /* Main.storyboard */; };
		ABF0ED981F067F6500F16709 /* Assets.xcassets in Resources */ = {isa = PBXBuildFile; fileRef = ABF0ED971F067F6500F16709 /* Assets.xcassets */; };
		ABF0ED9B1F067F6500F16709 /* LaunchScreen.storyboard in Resources */ = {isa = PBXBuildFile; fileRef = ABF0ED991F067F6500F16709 /* LaunchScreen.storyboard */; };
		ABF0EDA31F06849D00F16709 /* QuestionViewController.swift in Sources */ = {isa = PBXBuildFile; fileRef = ABF0EDA21F06849D00F16709 /* QuestionViewController.swift */; };
		ABF0EDA51F0684B400F16709 /* ResultsViewController.swift in Sources */ = {isa = PBXBuildFile; fileRef = ABF0EDA41F0684B400F16709 /* ResultsViewController.swift */; };
		ABF0EDA71F068E0400F16709 /* QuestionData.swift in Sources */ = {isa = PBXBuildFile; fileRef = ABF0EDA61F068E0400F16709 /* QuestionData.swift */; };
/* End PBXBuildFile section */

/* Begin PBXFileReference section */
		ABF0ED8D1F067F6500F16709 /* PersonalityQuiz.app */ = {isa = PBXFileReference; explicitFileType = wrapper.application; includeInIndex = 0; path = PersonalityQuiz.app; sourceTree = BUILT_PRODUCTS_DIR; };
		ABF0ED901F067F6500F16709 /* AppDelegate.swift */ = {isa = PBXFileReference; lastKnownFileType = sourcecode.swift; path = AppDelegate.swift; sourceTree = "<group>"; };
		ABF0ED921F067F6500F16709 /* IntroductionViewController.swift */ = {isa = PBXFileReference; lastKnownFileType = sourcecode.swift; path = IntroductionViewController.swift; sourceTree = "<group>"; };
		ABF0ED951F067F6500F16709 /* Base */ = {isa = PBXFileReference; lastKnownFileType = file.storyboard; name = Base; path = Base.lproj/Main.storyboard; sourceTree = "<group>"; };
		ABF0ED971F067F6500F16709 /* Assets.xcassets */ = {isa = PBXFileReference; lastKnownFileType = folder.assetcatalog; path = Assets.xcassets; sourceTree = "<group>"; };
		ABF0ED9A1F067F6500F16709 /* Base */ = {isa = PBXFileReference; lastKnownFileType = file.storyboard; name = Base; path = Base.lproj/LaunchScreen.storyboard; sourceTree = "<group>"; };
		ABF0ED9C1F067F6500F16709 /* Info.plist */ = {isa = PBXFileReference; lastKnownFileType = text.plist.xml; path = Info.plist; sourceTree = "<group>"; };
		ABF0EDA21F06849D00F16709 /* QuestionViewController.swift */ = {isa = PBXFileReference; fileEncoding = 4; lastKnownFileType = sourcecode.swift; path = QuestionViewController.swift; sourceTree = "<group>"; };
		ABF0EDA41F0684B400F16709 /* ResultsViewController.swift */ = {isa = PBXFileReference; fileEncoding = 4; lastKnownFileType = sourcecode.swift; path = ResultsViewController.swift; sourceTree = "<group>"; };
		ABF0EDA61F068E0400F16709 /* QuestionData.swift */ = {isa = PBXFileReference; fileEncoding = 4; lastKnownFileType = sourcecode.swift; path = QuestionData.swift; sourceTree = "<group>"; };
/* End PBXFileReference section */

/* Begin PBXFrameworksBuildPhase section */
		ABF0ED8A1F067F6500F16709 /* Frameworks */ = {
			isa = PBXFrameworksBuildPhase;
			buildActionMask = 2147483647;
			files = (
			);
			runOnlyForDeploymentPostprocessing = 0;
		};
/* End PBXFrameworksBuildPhase section */

/* Begin PBXGroup section */
		ABF0ED841F067F6500F16709 = {
			isa = PBXGroup;
			children = (
				ABF0ED8F1F067F6500F16709 /* PersonalityQuiz */,
				ABF0ED8E1F067F6500F16709 /* Products */,
			);
			sourceTree = "<group>";
		};
		ABF0ED8E1F067F6500F16709 /* Products */ = {
			isa = PBXGroup;
			children = (
				ABF0ED8D1F067F6500F16709 /* PersonalityQuiz.app */,
			);
			name = Products;
			sourceTree = "<group>";
		};
		ABF0ED8F1F067F6500F16709 /* PersonalityQuiz */ = {
			isa = PBXGroup;
			children = (
				ABF0ED901F067F6500F16709 /* AppDelegate.swift */,
				ABF0ED921F067F6500F16709 /* IntroductionViewController.swift */,
				ABF0ED941F067F6500F16709 /* Main.storyboard */,
				ABF0EDA61F068E0400F16709 /* QuestionData.swift */,
				ABF0EDA21F06849D00F16709 /* QuestionViewController.swift */,
				ABF0EDA41F0684B400F16709 /* ResultsViewController.swift */,
				ABF0ED971F067F6500F16709 /* Assets.xcassets */,
				ABF0ED991F067F6500F16709 /* LaunchScreen.storyboard */,
				ABF0ED9C1F067F6500F16709 /* Info.plist */,
			);
			path = PersonalityQuiz;
			sourceTree = "<group>";
		};
/* End PBXGroup section */

/* Begin PBXNativeTarget section */
		ABF0ED8C1F067F6500F16709 /* PersonalityQuiz */ = {
			isa = PBXNativeTarget;
			buildConfigurationList = ABF0ED9F1F067F6500F16709 /* Build configuration list for PBXNativeTarget "PersonalityQuiz" */;
			buildPhases = (
				ABF0ED891F067F6500F16709 /* Sources */,
				ABF0ED8A1F067F6500F16709 /* Frameworks */,
				ABF0ED8B1F067F6500F16709 /* Resources */,
			);
			buildRules = (
			);
			dependencies = (
			);
			name = PersonalityQuiz;
			productName = PersonalityQuiz;
			productReference = ABF0ED8D1F067F6500F16709 /* PersonalityQuiz.app */;
			productType = "com.apple.product-type.application";
		};
/* End PBXNativeTarget section */

/* Begin PBXProject section */
		ABF0ED851F067F6500F16709 /* Project object */ = {
			isa = PBXProject;
			attributes = {
				LastSwiftUpdateCheck = 0830;
				LastUpgradeCheck = 0830;
				ORGANIZATIONNAME = "Adam Woods";
				TargetAttributes = {
					ABF0ED8C1F067F6500F16709 = {
						CreatedOnToolsVersion = 8.3.3;
						DevelopmentTeam = 6NWW7NFTEX;
						ProvisioningStyle = Automatic;
					};
				};
			};
			buildConfigurationList = ABF0ED881F067F6500F16709 /* Build configuration list for PBXProject "PersonalityQuiz" */;
			compatibilityVersion = "Xcode 3.2";
			developmentRegion = English;
			hasScannedForEncodings = 0;
			knownRegions = (
				en,
				Base,
			);
			mainGroup = ABF0ED841F067F6500F16709;
			productRefGroup = ABF0ED8E1F067F6500F16709 /* Products */;
			projectDirPath = "";
			projectRoot = "";
			targets = (
				ABF0ED8C1F067F6500F16709 /* PersonalityQuiz */,
			);
		};
/* End PBXProject section */

/* Begin PBXResourcesBuildPhase section */
		ABF0ED8B1F067F6500F16709 /* Resources */ = {
			isa = PBXResourcesBuildPhase;
			buildActionMask = 2147483647;
			files = (
				ABF0ED9B1F067F6500F16709 /* LaunchScreen.storyboard in Resources */,
				ABF0ED981F067F6500F16709 /* Assets.xcassets in Resources */,
				ABF0ED961F067F6500F16709 /* Main.storyboard in Resources */,
			);
			runOnlyForDeploymentPostprocessing = 0;
		};
/* End PBXResourcesBuildPhase section */

/* Begin PBXSourcesBuildPhase section */
		ABF0ED891F067F6500F16709 /* Sources */ = {
			isa = PBXSourcesBuildPhase;
			buildActionMask = 2147483647;
			files = (
				ABF0ED931F067F6500F16709 /* IntroductionViewController.swift in Sources */,
				ABF0ED911F067F6500F16709 /* AppDelegate.swift in Sources */,
				ABF0EDA71F068E0400F16709 /* QuestionData.swift in Sources */,
				ABF0EDA31F06849D00F16709 /* QuestionViewController.swift in Sources */,
				ABF0EDA51F0684B400F16709 /* ResultsViewController.swift in Sources */,
			);
			runOnlyForDeploymentPostprocessing = 0;
		};
/* End PBXSourcesBuildPhase section */

/* Begin PBXVariantGroup section */
		ABF0ED941F067F6500F16709 /* Main.storyboard */ = {
			isa = PBXVariantGroup;
			children = (
				ABF0ED951F067F6500F16709 /* Base */,
			);
			name = Main.storyboard;
			sourceTree = "<group>";
		};
		ABF0ED991F067F6500F16709 /* LaunchScreen.storyboard */ = {
			isa = PBXVariantGroup;
			children = (
				ABF0ED9A1F067F6500F16709 /* Base */,
			);
			name = LaunchScreen.storyboard;
			sourceTree = "<group>";
		};
/* End PBXVariantGroup section */

/* Begin XCBuildConfiguration section */
		ABF0ED9D1F067F6500F16709 /* Debug */ = {
			isa = XCBuildConfiguration;
			buildSettings = {
				ALWAYS_SEARCH_USER_PATHS = NO;
				CLANG_ANALYZER_NONNULL = YES;
				CLANG_ANALYZER_NUMBER_OBJECT_CONVERSION = YES_AGGRESSIVE;
				CLANG_CXX_LANGUAGE_STANDARD = "gnu++0x";
				CLANG_CXX_LIBRARY = "libc++";
				CLANG_ENABLE_MODULES = YES;
				CLANG_ENABLE_OBJC_ARC = YES;
				CLANG_WARN_BOOL_CONVERSION = YES;
				CLANG_WARN_CONSTANT_CONVERSION = YES;
				CLANG_WARN_DIRECT_OBJC_ISA_USAGE = YES_ERROR;
				CLANG_WARN_DOCUMENTATION_COMMENTS = YES;
				CLANG_WARN_EMPTY_BODY = YES;
				CLANG_WARN_ENUM_CONVERSION = YES;
				CLANG_WARN_INFINITE_RECURSION = YES;
				CLANG_WARN_INT_CONVERSION = YES;
				CLANG_WARN_OBJC_ROOT_CLASS = YES_ERROR;
				CLANG_WARN_SUSPICIOUS_MOVE = YES;
				CLANG_WARN_UNREACHABLE_CODE = YES;
				CLANG_WARN__DUPLICATE_METHOD_MATCH = YES;
				"CODE_SIGN_IDENTITY[sdk=iphoneos*]" = "iPhone Developer";
				COPY_PHASE_STRIP = NO;
				DEBUG_INFORMATION_FORMAT = dwarf;
				ENABLE_STRICT_OBJC_MSGSEND = YES;
				ENABLE_TESTABILITY = YES;
				GCC_C_LANGUAGE_STANDARD = gnu99;
				GCC_DYNAMIC_NO_PIC = NO;
				GCC_NO_COMMON_BLOCKS = YES;
				GCC_OPTIMIZATION_LEVEL = 0;
				GCC_PREPROCESSOR_DEFINITIONS = (
					"DEBUG=1",
					"$(inherited)",
				);
				GCC_WARN_64_TO_32_BIT_CONVERSION = YES;
				GCC_WARN_ABOUT_RETURN_TYPE = YES_ERROR;
				GCC_WARN_UNDECLARED_SELECTOR = YES;
				GCC_WARN_UNINITIALIZED_AUTOS = YES_AGGRESSIVE;
				GCC_WARN_UNUSED_FUNCTION = YES;
				GCC_WARN_UNUSED_VARIABLE = YES;
				IPHONEOS_DEPLOYMENT_TARGET = 10.3;
				MTL_ENABLE_DEBUG_INFO = YES;
				ONLY_ACTIVE_ARCH = YES;
				SDKROOT = iphoneos;
				SWIFT_ACTIVE_COMPILATION_CONDITIONS = DEBUG;
				SWIFT_OPTIMIZATION_LEVEL = "-Onone";
			};
			name = Debug;
		};
		ABF0ED9E1F067F6500F16709 /* Release */ = {
			isa = XCBuildConfiguration;
			buildSettings = {
				ALWAYS_SEARCH_USER_PATHS = NO;
				CLANG_ANALYZER_NONNULL = YES;
				CLANG_ANALYZER_NUMBER_OBJECT_CONVERSION = YES_AGGRESSIVE;
				CLANG_CXX_LANGUAGE_STANDARD = "gnu++0x";
				CLANG_CXX_LIBRARY = "libc++";
				CLANG_ENABLE_MODULES = YES;
				CLANG_ENABLE_OBJC_ARC = YES;
				CLANG_WARN_BOOL_CONVERSION = YES;
				CLANG_WARN_CONSTANT_CONVERSION = YES;
				CLANG_WARN_DIRECT_OBJC_ISA_USAGE = YES_ERROR;
				CLANG_WARN_DOCUMENTATION_COMMENTS = YES;
				CLANG_WARN_EMPTY_BODY = YES;
				CLANG_WARN_ENUM_CONVERSION = YES;
				CLANG_WARN_INFINITE_RECURSION = YES;
				CLANG_WARN_INT_CONVERSION = YES;
				CLANG_WARN_OBJC_ROOT_CLASS = YES_ERROR;
				CLANG_WARN_SUSPICIOUS_MOVE = YES;
				CLANG_WARN_UNREACHABLE_CODE = YES;
				CLANG_WARN__DUPLICATE_METHOD_MATCH = YES;
				"CODE_SIGN_IDENTITY[sdk=iphoneos*]" = "iPhone Developer";
				COPY_PHASE_STRIP = NO;
				DEBUG_INFORMATION_FORMAT = "dwarf-with-dsym";
				ENABLE_NS_ASSERTIONS = NO;
				ENABLE_STRICT_OBJC_MSGSEND = YES;
				GCC_C_LANGUAGE_STANDARD = gnu99;
				GCC_NO_COMMON_BLOCKS = YES;
				GCC_WARN_64_TO_32_BIT_CONVERSION = YES;
				GCC_WARN_ABOUT_RETURN_TYPE = YES_ERROR;
				GCC_WARN_UNDECLARED_SELECTOR = YES;
				GCC_WARN_UNINITIALIZED_AUTOS = YES_AGGRESSIVE;
				GCC_WARN_UNUSED_FUNCTION = YES;
				GCC_WARN_UNUSED_VARIABLE = YES;
				IPHONEOS_DEPLOYMENT_TARGET = 10.3;
				MTL_ENABLE_DEBUG_INFO = NO;
				SDKROOT = iphoneos;
				SWIFT_OPTIMIZATION_LEVEL = "-Owholemodule";
				VALIDATE_PRODUCT = YES;
			};
			name = Release;
		};
		ABF0EDA01F067F6500F16709 /* Debug */ = {
			isa = XCBuildConfiguration;
			buildSettings = {
				ASSETCATALOG_COMPILER_APPICON_NAME = AppIcon;
				DEVELOPMENT_TEAM = 6NWW7NFTEX;
				INFOPLIST_FILE = PersonalityQuiz/Info.plist;
				LD_RUNPATH_SEARCH_PATHS = "$(inherited) @executable_path/Frameworks";
				PRODUCT_BUNDLE_IDENTIFIER = Spartans.PersonalityQuiz;
				PRODUCT_NAME = "$(TARGET_NAME)";
				SWIFT_VERSION = 3.0;
			};
			name = Debug;
		};
		ABF0EDA11F067F6500F16709 /* Release */ = {
			isa = XCBuildConfiguration;
			buildSettings = {
				ASSETCATALOG_COMPILER_APPICON_NAME = AppIcon;
				DEVELOPMENT_TEAM = 6NWW7NFTEX;
				INFOPLIST_FILE = PersonalityQuiz/Info.plist;
				LD_RUNPATH_SEARCH_PATHS = "$(inherited) @executable_path/Frameworks";
				PRODUCT_BUNDLE_IDENTIFIER = Spartans.PersonalityQuiz;
				PRODUCT_NAME = "$(TARGET_NAME)";
				SWIFT_VERSION = 3.0;
			};
			name = Release;
		};
/* End XCBuildConfiguration section */

/* Begin XCConfigurationList section */
		ABF0ED881F067F6500F16709 /* Build configuration list for PBXProject "PersonalityQuiz" */ = {
			isa = XCConfigurationList;
			buildConfigurations = (
				ABF0ED9D1F067F6500F16709 /* Debug */,
				ABF0ED9E1F067F6500F16709 /* Release */,
			);
			defaultConfigurationIsVisible = 0;
			defaultConfigurationName = Release;
		};
		ABF0ED9F1F067F6500F16709 /* Build configuration list for PBXNativeTarget "PersonalityQuiz" */ = {
			isa = XCConfigurationList;
			buildConfigurations = (
				ABF0EDA01F067F6500F16709 /* Debug */,
				ABF0EDA11F067F6500F16709 /* Release */,
			);
			defaultConfigurationIsVisible = 0;
		};
/* End XCConfigurationList section */
	};
	rootObject = ABF0ED851F067F6500F16709 /* Project object */;
}
