// !$*UTF8*$!
{
	archiveVersion = 1;
	classes = {
	};
	objectVersion = 46;
	objects = {

/* Begin PBXBuildFile section */
		ABF4EB0B1F03F24E00D9DF3B /* AppDelegate.swift in Sources */ = {isa = PBXBuildFile; fileRef = ABF4EB0A1F03F24E00D9DF3B /* AppDelegate.swift */; };
		ABF4EB0D1F03F24E00D9DF3B /* ViewController.swift in Sources */ = {isa = PBXBuildFile; fileRef = ABF4EB0C1F03F24E00D9DF3B /* ViewController.swift */; };
		ABF4EB101F03F24E00D9DF3B /* Main.storyboard in Resources */ = {isa = PBXBuildFile; fileRef = ABF4EB0E1F03F24E00D9DF3B /* Main.storyboard */; };
		ABF4EB121F03F24E00D9DF3B /* Assets.xcassets in Resources */ = {isa = PBXBuildFile; fileRef = ABF4EB111F03F24E00D9DF3B /* Assets.xcassets */; };
		ABF4EB151F03F24E00D9DF3B /* LaunchScreen.storyboard in Resources */ = {isa = PBXBuildFile; fileRef = ABF4EB131F03F24E00D9DF3B /* LaunchScreen.storyboard */; };
/* End PBXBuildFile section */

/* Begin PBXFileReference section */
		ABF4EB071F03F24E00D9DF3B /* Login.app */ = {isa = PBXFileReference; explicitFileType = wrapper.application; includeInIndex = 0; path = Login.app; sourceTree = BUILT_PRODUCTS_DIR; };
		ABF4EB0A1F03F24E00D9DF3B /* AppDelegate.swift */ = {isa = PBXFileReference; lastKnownFileType = sourcecode.swift; path = AppDelegate.swift; sourceTree = "<group>"; };
		ABF4EB0C1F03F24E00D9DF3B /* ViewController.swift */ = {isa = PBXFileReference; lastKnownFileType = sourcecode.swift; path = ViewController.swift; sourceTree = "<group>"; };
		ABF4EB0F1F03F24E00D9DF3B /* Base */ = {isa = PBXFileReference; lastKnownFileType = file.storyboard; name = Base; path = Base.lproj/Main.storyboard; sourceTree = "<group>"; };
		ABF4EB111F03F24E00D9DF3B /* Assets.xcassets */ = {isa = PBXFileReference; lastKnownFileType = folder.assetcatalog; path = Assets.xcassets; sourceTree = "<group>"; };
		ABF4EB141F03F24E00D9DF3B /* Base */ = {isa = PBXFileReference; lastKnownFileType = file.storyboard; name = Base; path = Base.lproj/LaunchScreen.storyboard; sourceTree = "<group>"; };
		ABF4EB161F03F24E00D9DF3B /* Info.plist */ = {isa = PBXFileReference; lastKnownFileType = text.plist.xml; path = Info.plist; sourceTree = "<group>"; };
/* End PBXFileReference section */

/* Begin PBXFrameworksBuildPhase section */
		ABF4EB041F03F24E00D9DF3B /* Frameworks */ = {
			isa = PBXFrameworksBuildPhase;
			buildActionMask = 2147483647;
			files = (
			);
			runOnlyForDeploymentPostprocessing = 0;
		};
/* End PBXFrameworksBuildPhase section */

/* Begin PBXGroup section */
		ABF4EAFE1F03F24E00D9DF3B = {
			isa = PBXGroup;
			children = (
				ABF4EB091F03F24E00D9DF3B /* Login */,
				ABF4EB081F03F24E00D9DF3B /* Products */,
			);
			sourceTree = "<group>";
		};
		ABF4EB081F03F24E00D9DF3B /* Products */ = {
			isa = PBXGroup;
			children = (
				ABF4EB071F03F24E00D9DF3B /* Login.app */,
			);
			name = Products;
			sourceTree = "<group>";
		};
		ABF4EB091F03F24E00D9DF3B /* Login */ = {
			isa = PBXGroup;
			children = (
				ABF4EB0A1F03F24E00D9DF3B /* AppDelegate.swift */,
				ABF4EB0C1F03F24E00D9DF3B /* ViewController.swift */,
				ABF4EB0E1F03F24E00D9DF3B /* Main.storyboard */,
				ABF4EB111F03F24E00D9DF3B /* Assets.xcassets */,
				ABF4EB131F03F24E00D9DF3B /* LaunchScreen.storyboard */,
				ABF4EB161F03F24E00D9DF3B /* Info.plist */,
			);
			path = Login;
			sourceTree = "<group>";
		};
/* End PBXGroup section */

/* Begin PBXNativeTarget section */
		ABF4EB061F03F24E00D9DF3B /* Login */ = {
			isa = PBXNativeTarget;
			buildConfigurationList = ABF4EB191F03F24E00D9DF3B /* Build configuration list for PBXNativeTarget "Login" */;
			buildPhases = (
				ABF4EB031F03F24E00D9DF3B /* Sources */,
				ABF4EB041F03F24E00D9DF3B /* Frameworks */,
				ABF4EB051F03F24E00D9DF3B /* Resources */,
			);
			buildRules = (
			);
			dependencies = (
			);
			name = Login;
			productName = Login;
			productReference = ABF4EB071F03F24E00D9DF3B /* Login.app */;
			productType = "com.apple.product-type.application";
		};
/* End PBXNativeTarget section */

/* Begin PBXProject section */
		ABF4EAFF1F03F24E00D9DF3B /* Project object */ = {
			isa = PBXProject;
			attributes = {
				LastSwiftUpdateCheck = 0830;
				LastUpgradeCheck = 0830;
				ORGANIZATIONNAME = "Adam Woods";
				TargetAttributes = {
					ABF4EB061F03F24E00D9DF3B = {
						CreatedOnToolsVersion = 8.3.3;
						DevelopmentTeam = 6NWW7NFTEX;
						ProvisioningStyle = Automatic;
					};
				};
			};
			buildConfigurationList = ABF4EB021F03F24E00D9DF3B /* Build configuration list for PBXProject "Login" */;
			compatibilityVersion = "Xcode 3.2";
			developmentRegion = English;
			hasScannedForEncodings = 0;
			knownRegions = (
				en,
				Base,
			);
			mainGroup = ABF4EAFE1F03F24E00D9DF3B;
			productRefGroup = ABF4EB081F03F24E00D9DF3B /* Products */;
			projectDirPath = "";
			projectRoot = "";
			targets = (
				ABF4EB061F03F24E00D9DF3B /* Login */,
			);
		};
/* End PBXProject section */

/* Begin PBXResourcesBuildPhase section */
		ABF4EB051F03F24E00D9DF3B /* Resources */ = {
			isa = PBXResourcesBuildPhase;
			buildActionMask = 2147483647;
			files = (
				ABF4EB151F03F24E00D9DF3B /* LaunchScreen.storyboard in Resources */,
				ABF4EB121F03F24E00D9DF3B /* Assets.xcassets in Resources */,
				ABF4EB101F03F24E00D9DF3B /* Main.storyboard in Resources */,
			);
			runOnlyForDeploymentPostprocessing = 0;
		};
/* End PBXResourcesBuildPhase section */

/* Begin PBXSourcesBuildPhase section */
		ABF4EB031F03F24E00D9DF3B /* Sources */ = {
			isa = PBXSourcesBuildPhase;
			buildActionMask = 2147483647;
			files = (
				ABF4EB0D1F03F24E00D9DF3B /* ViewController.swift in Sources */,
				ABF4EB0B1F03F24E00D9DF3B /* AppDelegate.swift in Sources */,
			);
			runOnlyForDeploymentPostprocessing = 0;
		};
/* End PBXSourcesBuildPhase section */

/* Begin PBXVariantGroup section */
		ABF4EB0E1F03F24E00D9DF3B /* Main.storyboard */ = {
			isa = PBXVariantGroup;
			children = (
				ABF4EB0F1F03F24E00D9DF3B /* Base */,
			);
			name = Main.storyboard;
			sourceTree = "<group>";
		};
		ABF4EB131F03F24E00D9DF3B /* LaunchScreen.storyboard */ = {
			isa = PBXVariantGroup;
			children = (
				ABF4EB141F03F24E00D9DF3B /* Base */,
			);
			name = LaunchScreen.storyboard;
			sourceTree = "<group>";
		};
/* End PBXVariantGroup section */

/* Begin XCBuildConfiguration section */
		ABF4EB171F03F24E00D9DF3B /* Debug */ = {
			isa = XCBuildConfiguration;
			buildSettings = {
				ALWAYS_SEARCH_USER_PATHS = NO;
				CLANG_ANALYZER_NONNULL = YES;
				CLANG_ANALYZER_NUMBER_OBJECT_CONVERSION = YES_AGGRESSIVE;
				CLANG_CXX_LANGUAGE_STANDARD = "gnu++0x";
				CLANG_CXX_LIBRARY = "libc++";
				CLANG_ENABLE_MODULES = YES;
				CLANG_ENABLE_OBJC_ARC = YES;
				CLANG_WARN_BOOL_CONVERSION = YES;
				CLANG_WARN_CONSTANT_CONVERSION = YES;
				CLANG_WARN_DIRECT_OBJC_ISA_USAGE = YES_ERROR;
				CLANG_WARN_DOCUMENTATION_COMMENTS = YES;
				CLANG_WARN_EMPTY_BODY = YES;
				CLANG_WARN_ENUM_CONVERSION = YES;
				CLANG_WARN_INFINITE_RECURSION = YES;
				CLANG_WARN_INT_CONVERSION = YES;
				CLANG_WARN_OBJC_ROOT_CLASS = YES_ERROR;
				CLANG_WARN_SUSPICIOUS_MOVE = YES;
				CLANG_WARN_UNREACHABLE_CODE = YES;
				CLANG_WARN__DUPLICATE_METHOD_MATCH = YES;
				"CODE_SIGN_IDENTITY[sdk=iphoneos*]" = "iPhone Developer";
				COPY_PHASE_STRIP = NO;
				DEBUG_INFORMATION_FORMAT = dwarf;
				ENABLE_STRICT_OBJC_MSGSEND = YES;
				ENABLE_TESTABILITY = YES;
				GCC_C_LANGUAGE_STANDARD = gnu99;
				GCC_DYNAMIC_NO_PIC = NO;
				GCC_NO_COMMON_BLOCKS = YES;
				GCC_OPTIMIZATION_LEVEL = 0;
				GCC_PREPROCESSOR_DEFINITIONS = (
					"DEBUG=1",
					"$(inherited)",
				);
				GCC_WARN_64_TO_32_BIT_CONVERSION = YES;
				GCC_WARN_ABOUT_RETURN_TYPE = YES_ERROR;
				GCC_WARN_UNDECLARED_SELECTOR = YES;
				GCC_WARN_UNINITIALIZED_AUTOS = YES_AGGRESSIVE;
				GCC_WARN_UNUSED_FUNCTION = YES;
				GCC_WARN_UNUSED_VARIABLE = YES;
				IPHONEOS_DEPLOYMENT_TARGET = 10.3;
				MTL_ENABLE_DEBUG_INFO = YES;
				ONLY_ACTIVE_ARCH = YES;
				SDKROOT = iphoneos;
				SWIFT_ACTIVE_COMPILATION_CONDITIONS = DEBUG;
				SWIFT_OPTIMIZATION_LEVEL = "-Onone";
			};
			name = Debug;
		};
		ABF4EB181F03F24E00D9DF3B /* Release */ = {
			isa = XCBuildConfiguration;
			buildSettings = {
				ALWAYS_SEARCH_USER_PATHS = NO;
				CLANG_ANALYZER_NONNULL = YES;
				CLANG_ANALYZER_NUMBER_OBJECT_CONVERSION = YES_AGGRESSIVE;
				CLANG_CXX_LANGUAGE_STANDARD = "gnu++0x";
				CLANG_CXX_LIBRARY = "libc++";
				CLANG_ENABLE_MODULES = YES;
				CLANG_ENABLE_OBJC_ARC = YES;
				CLANG_WARN_BOOL_CONVERSION = YES;
				CLANG_WARN_CONSTANT_CONVERSION = YES;
				CLANG_WARN_DIRECT_OBJC_ISA_USAGE = YES_ERROR;
				CLANG_WARN_DOCUMENTATION_COMMENTS = YES;
				CLANG_WARN_EMPTY_BODY = YES;
				CLANG_WARN_ENUM_CONVERSION = YES;
				CLANG_WARN_INFINITE_RECURSION = YES;
				CLANG_WARN_INT_CONVERSION = YES;
				CLANG_WARN_OBJC_ROOT_CLASS = YES_ERROR;
				CLANG_WARN_SUSPICIOUS_MOVE = YES;
				CLANG_WARN_UNREACHABLE_CODE = YES;
				CLANG_WARN__DUPLICATE_METHOD_MATCH = YES;
				"CODE_SIGN_IDENTITY[sdk=iphoneos*]" = "iPhone Developer";
				COPY_PHASE_STRIP = NO;
				DEBUG_INFORMATION_FORMAT = "dwarf-with-dsym";
				ENABLE_NS_ASSERTIONS = NO;
				ENABLE_STRICT_OBJC_MSGSEND = YES;
				GCC_C_LANGUAGE_STANDARD = gnu99;
				GCC_NO_COMMON_BLOCKS = YES;
				GCC_WARN_64_TO_32_BIT_CONVERSION = YES;
				GCC_WARN_ABOUT_RETURN_TYPE = YES_ERROR;
				GCC_WARN_UNDECLARED_SELECTOR = YES;
				GCC_WARN_UNINITIALIZED_AUTOS = YES_AGGRESSIVE;
				GCC_WARN_UNUSED_FUNCTION = YES;
				GCC_WARN_UNUSED_VARIABLE = YES;
				IPHONEOS_DEPLOYMENT_TARGET = 10.3;
				MTL_ENABLE_DEBUG_INFO = NO;
				SDKROOT = iphoneos;
				SWIFT_OPTIMIZATION_LEVEL = "-Owholemodule";
				VALIDATE_PRODUCT = YES;
			};
			name = Release;
		};
		ABF4EB1A1F03F24E00D9DF3B /* Debug */ = {
			isa = XCBuildConfiguration;
			buildSettings = {
				ASSETCATALOG_COMPILER_APPICON_NAME = AppIcon;
				DEVELOPMENT_TEAM = 6NWW7NFTEX;
				INFOPLIST_FILE = Login/Info.plist;
				LD_RUNPATH_SEARCH_PATHS = "$(inherited) @executable_path/Frameworks";
				PRODUCT_BUNDLE_IDENTIFIER = Spartans.Login;
				PRODUCT_NAME = "$(TARGET_NAME)";
				SWIFT_VERSION = 3.0;
			};
			name = Debug;
		};
		ABF4EB1B1F03F24E00D9DF3B /* Release */ = {
			isa = XCBuildConfiguration;
			buildSettings = {
				ASSETCATALOG_COMPILER_APPICON_NAME = AppIcon;
				DEVELOPMENT_TEAM = 6NWW7NFTEX;
				INFOPLIST_FILE = Login/Info.plist;
				LD_RUNPATH_SEARCH_PATHS = "$(inherited) @executable_path/Frameworks";
				PRODUCT_BUNDLE_IDENTIFIER = Spartans.Login;
				PRODUCT_NAME = "$(TARGET_NAME)";
				SWIFT_VERSION = 3.0;
			};
			name = Release;
		};
/* End XCBuildConfiguration section */

/* Begin XCConfigurationList section */
		ABF4EB021F03F24E00D9DF3B /* Build configuration list for PBXProject "Login" */ = {
			isa = XCConfigurationList;
			buildConfigurations = (
				ABF4EB171F03F24E00D9DF3B /* Debug */,
				ABF4EB181F03F24E00D9DF3B /* Release */,
			);
			defaultConfigurationIsVisible = 0;
			defaultConfigurationName = Release;
		};
		ABF4EB191F03F24E00D9DF3B /* Build configuration list for PBXNativeTarget "Login" */ = {
			isa = XCConfigurationList;
			buildConfigurations = (
				ABF4EB1A1F03F24E00D9DF3B /* Debug */,
				ABF4EB1B1F03F24E00D9DF3B /* Release */,
			);
			defaultConfigurationIsVisible = 0;
		};
/* End XCConfigurationList section */
	};
	rootObject = ABF4EAFF1F03F24E00D9DF3B /* Project object */;
}
