// !$*UTF8*$!
{
	archiveVersion = 1;
	classes = {
	};
	objectVersion = 46;
	objects = {

/* Begin PBXBuildFile section */
		ABA560221F1CECC60023FD88 /* AppDelegate.swift in Sources */ = {isa = PBXBuildFile; fileRef = ABA560211F1CECC60023FD88 /* AppDelegate.swift */; };
		ABA560241F1CECC60023FD88 /* ViewController.swift in Sources */ = {isa = PBXBuildFile; fileRef = ABA560231F1CECC60023FD88 /* ViewController.swift */; };
		ABA560271F1CECC60023FD88 /* Main.storyboard in Resources */ = {isa = PBXBuildFile; fileRef = ABA560251F1CECC60023FD88 /* Main.storyboard */; };
		ABA560291F1CECC60023FD88 /* Assets.xcassets in Resources */ = {isa = PBXBuildFile; fileRef = ABA560281F1CECC60023FD88 /* Assets.xcassets */; };
		ABA5602C1F1CECC60023FD88 /* LaunchScreen.storyboard in Resources */ = {isa = PBXBuildFile; fileRef = ABA5602A1F1CECC60023FD88 /* LaunchScreen.storyboard */; };
/* End PBXBuildFile section */

/* Begin PBXFileReference section */
		ABA5601E1F1CECC60023FD88 /* ImageMaskTest2.app */ = {isa = PBXFileReference; explicitFileType = wrapper.application; includeInIndex = 0; path = ImageMaskTest2.app; sourceTree = BUILT_PRODUCTS_DIR; };
		ABA560211F1CECC60023FD88 /* AppDelegate.swift */ = {isa = PBXFileReference; lastKnownFileType = sourcecode.swift; path = AppDelegate.swift; sourceTree = "<group>"; };
		ABA560231F1CECC60023FD88 /* ViewController.swift */ = {isa = PBXFileReference; lastKnownFileType = sourcecode.swift; path = ViewController.swift; sourceTree = "<group>"; };
		ABA560261F1CECC60023FD88 /* Base */ = {isa = PBXFileReference; lastKnownFileType = file.storyboard; name = Base; path = Base.lproj/Main.storyboard; sourceTree = "<group>"; };
		ABA560281F1CECC60023FD88 /* Assets.xcassets */ = {isa = PBXFileReference; lastKnownFileType = folder.assetcatalog; path = Assets.xcassets; sourceTree = "<group>"; };
		ABA5602B1F1CECC60023FD88 /* Base */ = {isa = PBXFileReference; lastKnownFileType = file.storyboard; name = Base; path = Base.lproj/LaunchScreen.storyboard; sourceTree = "<group>"; };
		ABA5602D1F1CECC60023FD88 /* Info.plist */ = {isa = PBXFileReference; lastKnownFileType = text.plist.xml; path = Info.plist; sourceTree = "<group>"; };
/* End PBXFileReference section */

/* Begin PBXFrameworksBuildPhase section */
		ABA5601B1F1CECC60023FD88 /* Frameworks */ = {
			isa = PBXFrameworksBuildPhase;
			buildActionMask = 2147483647;
			files = (
			);
			runOnlyForDeploymentPostprocessing = 0;
		};
/* End PBXFrameworksBuildPhase section */

/* Begin PBXGroup section */
		ABA560151F1CECC60023FD88 = {
			isa = PBXGroup;
			children = (
				ABA560201F1CECC60023FD88 /* ImageMaskTest2 */,
				ABA5601F1F1CECC60023FD88 /* Products */,
			);
			sourceTree = "<group>";
		};
		ABA5601F1F1CECC60023FD88 /* Products */ = {
			isa = PBXGroup;
			children = (
				ABA5601E1F1CECC60023FD88 /* ImageMaskTest2.app */,
			);
			name = Products;
			sourceTree = "<group>";
		};
		ABA560201F1CECC60023FD88 /* ImageMaskTest2 */ = {
			isa = PBXGroup;
			children = (
				ABA560211F1CECC60023FD88 /* AppDelegate.swift */,
				ABA560231F1CECC60023FD88 /* ViewController.swift */,
				ABA560251F1CECC60023FD88 /* Main.storyboard */,
				ABA560281F1CECC60023FD88 /* Assets.xcassets */,
				ABA5602A1F1CECC60023FD88 /* LaunchScreen.storyboard */,
				ABA5602D1F1CECC60023FD88 /* Info.plist */,
			);
			path = ImageMaskTest2;
			sourceTree = "<group>";
		};
/* End PBXGroup section */

/* Begin PBXNativeTarget section */
		ABA5601D1F1CECC60023FD88 /* ImageMaskTest2 */ = {
			isa = PBXNativeTarget;
			buildConfigurationList = ABA560301F1CECC60023FD88 /* Build configuration list for PBXNativeTarget "ImageMaskTest2" */;
			buildPhases = (
				ABA5601A1F1CECC60023FD88 /* Sources */,
				ABA5601B1F1CECC60023FD88 /* Frameworks */,
				ABA5601C1F1CECC60023FD88 /* Resources */,
			);
			buildRules = (
			);
			dependencies = (
			);
			name = ImageMaskTest2;
			productName = ImageMaskTest2;
			productReference = ABA5601E1F1CECC60023FD88 /* ImageMaskTest2.app */;
			productType = "com.apple.product-type.application";
		};
/* End PBXNativeTarget section */

/* Begin PBXProject section */
		ABA560161F1CECC60023FD88 /* Project object */ = {
			isa = PBXProject;
			attributes = {
				LastSwiftUpdateCheck = 0830;
				LastUpgradeCheck = 0830;
				ORGANIZATIONNAME = "Adam Woods";
				TargetAttributes = {
					ABA5601D1F1CECC60023FD88 = {
						CreatedOnToolsVersion = 8.3.3;
						DevelopmentTeam = 6NWW7NFTEX;
						ProvisioningStyle = Automatic;
					};
				};
			};
			buildConfigurationList = ABA560191F1CECC60023FD88 /* Build configuration list for PBXProject "ImageMaskTest2" */;
			compatibilityVersion = "Xcode 3.2";
			developmentRegion = English;
			hasScannedForEncodings = 0;
			knownRegions = (
				en,
				Base,
			);
			mainGroup = ABA560151F1CECC60023FD88;
			productRefGroup = ABA5601F1F1CECC60023FD88 /* Products */;
			projectDirPath = "";
			projectRoot = "";
			targets = (
				ABA5601D1F1CECC60023FD88 /* ImageMaskTest2 */,
			);
		};
/* End PBXProject section */

/* Begin PBXResourcesBuildPhase section */
		ABA5601C1F1CECC60023FD88 /* Resources */ = {
			isa = PBXResourcesBuildPhase;
			buildActionMask = 2147483647;
			files = (
				ABA5602C1F1CECC60023FD88 /* LaunchScreen.storyboard in Resources */,
				ABA560291F1CECC60023FD88 /* Assets.xcassets in Resources */,
				ABA560271F1CECC60023FD88 /* Main.storyboard in Resources */,
			);
			runOnlyForDeploymentPostprocessing = 0;
		};
/* End PBXResourcesBuildPhase section */

/* Begin PBXSourcesBuildPhase section */
		ABA5601A1F1CECC60023FD88 /* Sources */ = {
			isa = PBXSourcesBuildPhase;
			buildActionMask = 2147483647;
			files = (
				ABA560241F1CECC60023FD88 /* ViewController.swift in Sources */,
				ABA560221F1CECC60023FD88 /* AppDelegate.swift in Sources */,
			);
			runOnlyForDeploymentPostprocessing = 0;
		};
/* End PBXSourcesBuildPhase section */

/* Begin PBXVariantGroup section */
		ABA560251F1CECC60023FD88 /* Main.storyboard */ = {
			isa = PBXVariantGroup;
			children = (
				ABA560261F1CECC60023FD88 /* Base */,
			);
			name = Main.storyboard;
			sourceTree = "<group>";
		};
		ABA5602A1F1CECC60023FD88 /* LaunchScreen.storyboard */ = {
			isa = PBXVariantGroup;
			children = (
				ABA5602B1F1CECC60023FD88 /* Base */,
			);
			name = LaunchScreen.storyboard;
			sourceTree = "<group>";
		};
/* End PBXVariantGroup section */

/* Begin XCBuildConfiguration section */
		ABA5602E1F1CECC60023FD88 /* Debug */ = {
			isa = XCBuildConfiguration;
			buildSettings = {
				ALWAYS_SEARCH_USER_PATHS = NO;
				CLANG_ANALYZER_NONNULL = YES;
				CLANG_ANALYZER_NUMBER_OBJECT_CONVERSION = YES_AGGRESSIVE;
				CLANG_CXX_LANGUAGE_STANDARD = "gnu++0x";
				CLANG_CXX_LIBRARY = "libc++";
				CLANG_ENABLE_MODULES = YES;
				CLANG_ENABLE_OBJC_ARC = YES;
				CLANG_WARN_BOOL_CONVERSION = YES;
				CLANG_WARN_CONSTANT_CONVERSION = YES;
				CLANG_WARN_DIRECT_OBJC_ISA_USAGE = YES_ERROR;
				CLANG_WARN_DOCUMENTATION_COMMENTS = YES;
				CLANG_WARN_EMPTY_BODY = YES;
				CLANG_WARN_ENUM_CONVERSION = YES;
				CLANG_WARN_INFINITE_RECURSION = YES;
				CLANG_WARN_INT_CONVERSION = YES;
				CLANG_WARN_OBJC_ROOT_CLASS = YES_ERROR;
				CLANG_WARN_SUSPICIOUS_MOVE = YES;
				CLANG_WARN_UNREACHABLE_CODE = YES;
				CLANG_WARN__DUPLICATE_METHOD_MATCH = YES;
				"CODE_SIGN_IDENTITY[sdk=iphoneos*]" = "iPhone Developer";
				COPY_PHASE_STRIP = NO;
				DEBUG_INFORMATION_FORMAT = dwarf;
				ENABLE_STRICT_OBJC_MSGSEND = YES;
				ENABLE_TESTABILITY = YES;
				GCC_C_LANGUAGE_STANDARD = gnu99;
				GCC_DYNAMIC_NO_PIC = NO;
				GCC_NO_COMMON_BLOCKS = YES;
				GCC_OPTIMIZATION_LEVEL = 0;
				GCC_PREPROCESSOR_DEFINITIONS = (
					"DEBUG=1",
					"$(inherited)",
				);
				GCC_WARN_64_TO_32_BIT_CONVERSION = YES;
				GCC_WARN_ABOUT_RETURN_TYPE = YES_ERROR;
				GCC_WARN_UNDECLARED_SELECTOR = YES;
				GCC_WARN_UNINITIALIZED_AUTOS = YES_AGGRESSIVE;
				GCC_WARN_UNUSED_FUNCTION = YES;
				GCC_WARN_UNUSED_VARIABLE = YES;
				IPHONEOS_DEPLOYMENT_TARGET = 10.3;
				MTL_ENABLE_DEBUG_INFO = YES;
				ONLY_ACTIVE_ARCH = YES;
				SDKROOT = iphoneos;
				SWIFT_ACTIVE_COMPILATION_CONDITIONS = DEBUG;
				SWIFT_OPTIMIZATION_LEVEL = "-Onone";
			};
			name = Debug;
		};
		ABA5602F1F1CECC60023FD88 /* Release */ = {
			isa = XCBuildConfiguration;
			buildSettings = {
				ALWAYS_SEARCH_USER_PATHS = NO;
				CLANG_ANALYZER_NONNULL = YES;
				CLANG_ANALYZER_NUMBER_OBJECT_CONVERSION = YES_AGGRESSIVE;
				CLANG_CXX_LANGUAGE_STANDARD = "gnu++0x";
				CLANG_CXX_LIBRARY = "libc++";
				CLANG_ENABLE_MODULES = YES;
				CLANG_ENABLE_OBJC_ARC = YES;
				CLANG_WARN_BOOL_CONVERSION = YES;
				CLANG_WARN_CONSTANT_CONVERSION = YES;
				CLANG_WARN_DIRECT_OBJC_ISA_USAGE = YES_ERROR;
				CLANG_WARN_DOCUMENTATION_COMMENTS = YES;
				CLANG_WARN_EMPTY_BODY = YES;
				CLANG_WARN_ENUM_CONVERSION = YES;
				CLANG_WARN_INFINITE_RECURSION = YES;
				CLANG_WARN_INT_CONVERSION = YES;
				CLANG_WARN_OBJC_ROOT_CLASS = YES_ERROR;
				CLANG_WARN_SUSPICIOUS_MOVE = YES;
				CLANG_WARN_UNREACHABLE_CODE = YES;
				CLANG_WARN__DUPLICATE_METHOD_MATCH = YES;
				"CODE_SIGN_IDENTITY[sdk=iphoneos*]" = "iPhone Developer";
				COPY_PHASE_STRIP = NO;
				DEBUG_INFORMATION_FORMAT = "dwarf-with-dsym";
				ENABLE_NS_ASSERTIONS = NO;
				ENABLE_STRICT_OBJC_MSGSEND = YES;
				GCC_C_LANGUAGE_STANDARD = gnu99;
				GCC_NO_COMMON_BLOCKS = YES;
				GCC_WARN_64_TO_32_BIT_CONVERSION = YES;
				GCC_WARN_ABOUT_RETURN_TYPE = YES_ERROR;
				GCC_WARN_UNDECLARED_SELECTOR = YES;
				GCC_WARN_UNINITIALIZED_AUTOS = YES_AGGRESSIVE;
				GCC_WARN_UNUSED_FUNCTION = YES;
				GCC_WARN_UNUSED_VARIABLE = YES;
				IPHONEOS_DEPLOYMENT_TARGET = 10.3;
				MTL_ENABLE_DEBUG_INFO = NO;
				SDKROOT = iphoneos;
				SWIFT_OPTIMIZATION_LEVEL = "-Owholemodule";
				VALIDATE_PRODUCT = YES;
			};
			name = Release;
		};
		ABA560311F1CECC60023FD88 /* Debug */ = {
			isa = XCBuildConfiguration;
			buildSettings = {
				ASSETCATALOG_COMPILER_APPICON_NAME = AppIcon;
				DEVELOPMENT_TEAM = 6NWW7NFTEX;
				INFOPLIST_FILE = ImageMaskTest2/Info.plist;
				LD_RUNPATH_SEARCH_PATHS = "$(inherited) @executable_path/Frameworks";
				PRODUCT_BUNDLE_IDENTIFIER = Spartans.ImageMaskTest2;
				PRODUCT_NAME = "$(TARGET_NAME)";
				SWIFT_VERSION = 3.0;
			};
			name = Debug;
		};
		ABA560321F1CECC60023FD88 /* Release */ = {
			isa = XCBuildConfiguration;
			buildSettings = {
				ASSETCATALOG_COMPILER_APPICON_NAME = AppIcon;
				DEVELOPMENT_TEAM = 6NWW7NFTEX;
				INFOPLIST_FILE = ImageMaskTest2/Info.plist;
				LD_RUNPATH_SEARCH_PATHS = "$(inherited) @executable_path/Frameworks";
				PRODUCT_BUNDLE_IDENTIFIER = Spartans.ImageMaskTest2;
				PRODUCT_NAME = "$(TARGET_NAME)";
				SWIFT_VERSION = 3.0;
			};
			name = Release;
		};
/* End XCBuildConfiguration section */

/* Begin XCConfigurationList section */
		ABA560191F1CECC60023FD88 /* Build configuration list for PBXProject "ImageMaskTest2" */ = {
			isa = XCConfigurationList;
			buildConfigurations = (
				ABA5602E1F1CECC60023FD88 /* Debug */,
				ABA5602F1F1CECC60023FD88 /* Release */,
			);
			defaultConfigurationIsVisible = 0;
			defaultConfigurationName = Release;
		};
		ABA560301F1CECC60023FD88 /* Build configuration list for PBXNativeTarget "ImageMaskTest2" */ = {
			isa = XCConfigurationList;
			buildConfigurations = (
				ABA560311F1CECC60023FD88 /* Debug */,
				ABA560321F1CECC60023FD88 /* Release */,
			);
			defaultConfigurationIsVisible = 0;
		};
/* End XCConfigurationList section */
	};
	rootObject = ABA560161F1CECC60023FD88 /* Project object */;
}
